
Microsoft Visual Studio Solution File, Format Version 12.00
# Visual Studio Version 17
VisualStudioVersion = 17.9.34728.123
MinimumVisualStudioVersion = 10.0.40219.1
Project("{FAE04EC0-301F-11D3-BF4B-00C04F79EFBC}") = "Edms", "Edms\Edms.csproj", "{6F95816D-86AE-4565-AA0E-D2EA7847CFD6}"
EndProject
Project("{FAE04EC0-301F-11D3-BF4B-00C04F79EFBC}") = "LOGIC", "SECOND\LOGIC.csproj", "{311A1821-26C4-41E2-8DF2-0A100FC2290D}"
EndProject
Project("{FAE04EC0-301F-11D3-BF4B-00C04F79EFBC}") = "MODEL", "MODEL\MODEL.csproj", "{C7B51071-5EF6-4ACA-987D-B970A29D46D0}"
EndProject
Project("{FAE04EC0-301F-11D3-BF4B-00C04F79EFBC}") = "Data", "Data\Data.csproj", "{3508DA2C-62D2-4692-818E-0E67337CEB11}"
EndProject
Global
	GlobalSection(SolutionConfigurationPlatforms) = preSolution
		Debug|Any CPU = Debug|Any CPU
		Release|Any CPU = Release|Any CPU
	EndGlobalSection
	GlobalSection(ProjectConfigurationPlatforms) = postSolution
		{6F95816D-86AE-4565-AA0E-D2EA7847CFD6}.Debug|Any CPU.ActiveCfg = Debug|Any CPU
		{6F95816D-86AE-4565-AA0E-D2EA7847CFD6}.Debug|Any CPU.Build.0 = Debug|Any CPU
		{6F95816D-86AE-4565-AA0E-D2EA7847CFD6}.Release|Any CPU.ActiveCfg = Release|Any CPU
		{6F95816D-86AE-4565-AA0E-D2EA7847CFD6}.Release|Any CPU.Build.0 = Release|Any CPU
		{311A1821-26C4-41E2-8DF2-0A100FC2290D}.Debug|Any CPU.ActiveCfg = Debug|Any CPU
		{311A1821-26C4-41E2-8DF2-0A100FC2290D}.Debug|Any CPU.Build.0 = Debug|Any CPU
		{311A1821-26C4-41E2-8DF2-0A100FC2290D}.Release|Any CPU.ActiveCfg = Release|Any CPU
		{311A1821-26C4-41E2-8DF2-0A100FC2290D}.Release|Any CPU.Build.0 = Release|Any CPU
		{C7B51071-5EF6-4ACA-987D-B970A29D46D0}.Debug|Any CPU.ActiveCfg = Debug|Any CPU
		{C7B51071-5EF6-4ACA-987D-B970A29D46D0}.Debug|Any CPU.Build.0 = Debug|Any CPU
		{C7B51071-5EF6-4ACA-987D-B970A29D46D0}.Release|Any CPU.ActiveCfg = Release|Any CPU
		{C7B51071-5EF6-4ACA-987D-B970A29D46D0}.Release|Any CPU.Build.0 = Release|Any CPU
		{3508DA2C-62D2-4692-818E-0E67337CEB11}.Debug|Any CPU.ActiveCfg = Debug|Any CPU
		{3508DA2C-62D2-4692-818E-0E67337CEB11}.Debug|Any CPU.Build.0 = Debug|Any CPU
		{3508DA2C-62D2-4692-818E-0E67337CEB11}.Release|Any CPU.ActiveCfg = Release|Any CPU
		{3508DA2C-62D2-4692-818E-0E67337CEB11}.Release|Any CPU.Build.0 = Release|Any CPU
	EndGlobalSection
	GlobalSection(SolutionProperties) = preSolution
		HideSolutionNode = FALSE
	EndGlobalSection
	GlobalSection(ExtensibilityGlobals) = postSolution
		SolutionGuid = {82F35697-230F-4DD0-A823-067BA6BD154D}
	EndGlobalSection
EndGlobal
